
Microsoft Visual Studio Solution File, Format Version 12.00
# Visual Studio 15
VisualStudioVersion = 15.0.27130.2020
MinimumVisualStudioVersion = 10.0.40219.1
Project("{FAE04EC0-301F-11D3-BF4B-00C04F79EFBC}") = "JogoXadrez", "JogoXadrez\JogoXadrez.csproj", "{3892D0BE-F827-4DD1-8189-6F41D2EF1F10}"
EndProject
Global
	GlobalSection(SolutionConfigurationPlatforms) = preSolution
		Debug|Any CPU = Debug|Any CPU
		Release|Any CPU = Release|Any CPU
	EndGlobalSection
	GlobalSection(ProjectConfigurationPlatforms) = postSolution
		{3892D0BE-F827-4DD1-8189-6F41D2EF1F10}.Debug|Any CPU.ActiveCfg = Debug|Any CPU
		{3892D0BE-F827-4DD1-8189-6F41D2EF1F10}.Debug|Any CPU.Build.0 = Debug|Any CPU
		{3892D0BE-F827-4DD1-8189-6F41D2EF1F10}.Release|Any CPU.ActiveCfg = Release|Any CPU
		{3892D0BE-F827-4DD1-8189-6F41D2EF1F10}.Release|Any CPU.Build.0 = Release|Any CPU
	EndGlobalSection
	GlobalSection(SolutionProperties) = preSolution
		HideSolutionNode = FALSE
	EndGlobalSection
	GlobalSection(ExtensibilityGlobals) = postSolution
		SolutionGuid = {5E32FBC3-7192-4C15-9E81-6CA8B3B5E6FA}
	EndGlobalSection
EndGlobal
